
Microsoft Visual Studio Solution File, Format Version 12.00
# Visual Studio 14
VisualStudioVersion = 14.0.25420.1
MinimumVisualStudioVersion = 10.0.40219.1
Project("{2150E333-8FDC-42A3-9474-1A3956D46DE8}") = "src", "src", "{6CA055DC-3F39-46CB-9351-87D8AF2E3C69}"
EndProject
Project("{2150E333-8FDC-42A3-9474-1A3956D46DE8}") = "Solution Items", "Solution Items", "{D4F636D3-8D64-474F-9C0C-0F10C22138E1}"
	ProjectSection(SolutionItems) = preProject
		global.json = global.json
	EndProjectSection
EndProject
Project("{8BB2217D-0F2D-49D1-97BC-3654ED321F3B}") = "DataSource", "src\DataSource\DataSource.xproj", "{08FCECB8-FA71-4811-9B34-D0719C0A3D69}"
EndProject
Project("{8BB2217D-0F2D-49D1-97BC-3654ED321F3B}") = "UnitTests", "src\UnitTests\UnitTests.xproj", "{7941602F-01EE-4C31-9F93-D51EB7E4247B}"
EndProject
Global
	GlobalSection(SolutionConfigurationPlatforms) = preSolution
		Debug|Any CPU = Debug|Any CPU
		Release|Any CPU = Release|Any CPU
	EndGlobalSection
	GlobalSection(ProjectConfigurationPlatforms) = postSolution
		{08FCECB8-FA71-4811-9B34-D0719C0A3D69}.Debug|Any CPU.ActiveCfg = Debug|Any CPU
		{08FCECB8-FA71-4811-9B34-D0719C0A3D69}.Debug|Any CPU.Build.0 = Debug|Any CPU
		{08FCECB8-FA71-4811-9B34-D0719C0A3D69}.Release|Any CPU.ActiveCfg = Release|Any CPU
		{08FCECB8-FA71-4811-9B34-D0719C0A3D69}.Release|Any CPU.Build.0 = Release|Any CPU
		{7941602F-01EE-4C31-9F93-D51EB7E4247B}.Debug|Any CPU.ActiveCfg = Debug|Any CPU
		{7941602F-01EE-4C31-9F93-D51EB7E4247B}.Debug|Any CPU.Build.0 = Debug|Any CPU
		{7941602F-01EE-4C31-9F93-D51EB7E4247B}.Release|Any CPU.ActiveCfg = Release|Any CPU
		{7941602F-01EE-4C31-9F93-D51EB7E4247B}.Release|Any CPU.Build.0 = Release|Any CPU
	EndGlobalSection
	GlobalSection(SolutionProperties) = preSolution
		HideSolutionNode = FALSE
	EndGlobalSection
	GlobalSection(NestedProjects) = preSolution
		{08FCECB8-FA71-4811-9B34-D0719C0A3D69} = {6CA055DC-3F39-46CB-9351-87D8AF2E3C69}
		{7941602F-01EE-4C31-9F93-D51EB7E4247B} = {6CA055DC-3F39-46CB-9351-87D8AF2E3C69}
	EndGlobalSection
EndGlobal
